{
  "name": "article-preview-component-master",
  "version": "1.0.0",
  "lockfileVersion": 2,
  "requires": true,
  "packages": {
    "": {
      "name": "article-preview-component-master",
      "version": "1.0.0",
      "license": "ISC",
      "dependencies": {
        "css-tooltip": "^0.3.4"
      }
    },
    "node_modules/css-tooltip": {
      "version": "0.3.4",
      "resolved": "https://registry.npmjs.org/css-tooltip/-/css-tooltip-0.3.4.tgz",
      "integrity": "sha512-/CeS8jfkEkJvAPbV1SEkkuYoFdIxTJ4I/iQTEcdYGew7X76f+Wl0PXsyZ9tw2FGEZ21r2RJf3RX9Dv+11IdW8g=="
    }
  },
  "dependencies": {
    "css-tooltip": {
      "version": "0.3.4",
      "resolved": "https://registry.npmjs.org/css-tooltip/-/css-tooltip-0.3.4.tgz",
      "integrity": "sha512-/CeS8jfkEkJvAPbV1SEkkuYoFdIxTJ4I/iQTEcdYGew7X76f+Wl0PXsyZ9tw2FGEZ21r2RJf3RX9Dv+11IdW8g=="
    }
  }
}
